// !$*UTF8*$!
{
	archiveVersion = 1;
	classes = {
	};
	objectVersion = 50;
	objects = {

/* Begin PBXBuildFile section */
		B18897D926F6137400F3CCF0 /* AppDelegate.swift in Sources */ = {isa = PBXBuildFile; fileRef = B18897D826F6137400F3CCF0 /* AppDelegate.swift */; };
		B18897DB26F6137400F3CCF0 /* SceneDelegate.swift in Sources */ = {isa = PBXBuildFile; fileRef = B18897DA26F6137400F3CCF0 /* SceneDelegate.swift */; };
		B18897DD26F6137400F3CCF0 /* ViewController.swift in Sources */ = {isa = PBXBuildFile; fileRef = B18897DC26F6137400F3CCF0 /* ViewController.swift */; };
		B18897E026F6137400F3CCF0 /* Main.storyboard in Resources */ = {isa = PBXBuildFile; fileRef = B18897DE26F6137400F3CCF0 /* Main.storyboard */; };
		B18897E226F6137C00F3CCF0 /* Assets.xcassets in Resources */ = {isa = PBXBuildFile; fileRef = B18897E126F6137C00F3CCF0 /* Assets.xcassets */; };
		B18897E526F6137C00F3CCF0 /* LaunchScreen.storyboard in Resources */ = {isa = PBXBuildFile; fileRef = B18897E326F6137C00F3CCF0 /* LaunchScreen.storyboard */; };
		B18897F126F6196A00F3CCF0 /* ListTableViewCell.swift in Sources */ = {isa = PBXBuildFile; fileRef = B18897EF26F6196900F3CCF0 /* ListTableViewCell.swift */; };
		B18897F226F6196A00F3CCF0 /* ListTableViewCell.xib in Resources */ = {isa = PBXBuildFile; fileRef = B18897F026F6196900F3CCF0 /* ListTableViewCell.xib */; };
/* End PBXBuildFile section */

/* Begin PBXFileReference section */
		B18897D526F6137400F3CCF0 /* ToDoList.app */ = {isa = PBXFileReference; explicitFileType = wrapper.application; includeInIndex = 0; path = ToDoList.app; sourceTree = BUILT_PRODUCTS_DIR; };
		B18897D826F6137400F3CCF0 /* AppDelegate.swift */ = {isa = PBXFileReference; lastKnownFileType = sourcecode.swift; path = AppDelegate.swift; sourceTree = "<group>"; };
		B18897DA26F6137400F3CCF0 /* SceneDelegate.swift */ = {isa = PBXFileReference; lastKnownFileType = sourcecode.swift; path = SceneDelegate.swift; sourceTree = "<group>"; };
		B18897DC26F6137400F3CCF0 /* ViewController.swift */ = {isa = PBXFileReference; lastKnownFileType = sourcecode.swift; path = ViewController.swift; sourceTree = "<group>"; };
		B18897DF26F6137400F3CCF0 /* Base */ = {isa = PBXFileReference; lastKnownFileType = file.storyboard; name = Base; path = Base.lproj/Main.storyboard; sourceTree = "<group>"; };
		B18897E126F6137C00F3CCF0 /* Assets.xcassets */ = {isa = PBXFileReference; lastKnownFileType = folder.assetcatalog; path = Assets.xcassets; sourceTree = "<group>"; };
		B18897E426F6137C00F3CCF0 /* Base */ = {isa = PBXFileReference; lastKnownFileType = file.storyboard; name = Base; path = Base.lproj/LaunchScreen.storyboard; sourceTree = "<group>"; };
		B18897E626F6137C00F3CCF0 /* Info.plist */ = {isa = PBXFileReference; lastKnownFileType = text.plist.xml; path = Info.plist; sourceTree = "<group>"; };
		B18897EF26F6196900F3CCF0 /* ListTableViewCell.swift */ = {isa = PBXFileReference; lastKnownFileType = sourcecode.swift; path = ListTableViewCell.swift; sourceTree = "<group>"; };
		B18897F026F6196900F3CCF0 /* ListTableViewCell.xib */ = {isa = PBXFileReference; lastKnownFileType = file.xib; path = ListTableViewCell.xib; sourceTree = "<group>"; };
/* End PBXFileReference section */

/* Begin PBXFrameworksBuildPhase section */
		B18897D226F6137400F3CCF0 /* Frameworks */ = {
			isa = PBXFrameworksBuildPhase;
			buildActionMask = 2147483647;
			files = (
			);
			runOnlyForDeploymentPostprocessing = 0;
		};
/* End PBXFrameworksBuildPhase section */

/* Begin PBXGroup section */
		B18897CC26F6137400F3CCF0 = {
			isa = PBXGroup;
			children = (
				B18897D726F6137400F3CCF0 /* ToDoList */,
				B18897D626F6137400F3CCF0 /* Products */,
			);
			sourceTree = "<group>";
		};
		B18897D626F6137400F3CCF0 /* Products */ = {
			isa = PBXGroup;
			children = (
				B18897D526F6137400F3CCF0 /* ToDoList.app */,
			);
			name = Products;
			sourceTree = "<group>";
		};
		B18897D726F6137400F3CCF0 /* ToDoList */ = {
			isa = PBXGroup;
			children = (
				B18897EE26F616BD00F3CCF0 /* Model */,
				B18897ED26F616B800F3CCF0 /* View */,
				B18897EC26F616B100F3CCF0 /* Controller */,
				B18897D826F6137400F3CCF0 /* AppDelegate.swift */,
				B18897DA26F6137400F3CCF0 /* SceneDelegate.swift */,
				B18897E126F6137C00F3CCF0 /* Assets.xcassets */,
				B18897E626F6137C00F3CCF0 /* Info.plist */,
			);
			path = ToDoList;
			sourceTree = "<group>";
		};
		B18897EC26F616B100F3CCF0 /* Controller */ = {
			isa = PBXGroup;
			children = (
				B18897F326F6197B00F3CCF0 /* cell */,
				B18897DC26F6137400F3CCF0 /* ViewController.swift */,
			);
			path = Controller;
			sourceTree = "<group>";
		};
		B18897ED26F616B800F3CCF0 /* View */ = {
			isa = PBXGroup;
			children = (
				B18897DE26F6137400F3CCF0 /* Main.storyboard */,
				B18897E326F6137C00F3CCF0 /* LaunchScreen.storyboard */,
			);
			path = View;
			sourceTree = "<group>";
		};
		B18897EE26F616BD00F3CCF0 /* Model */ = {
			isa = PBXGroup;
			children = (
			);
			path = Model;
			sourceTree = "<group>";
		};
		B18897F326F6197B00F3CCF0 /* cell */ = {
			isa = PBXGroup;
			children = (
				B18897EF26F6196900F3CCF0 /* ListTableViewCell.swift */,
				B18897F026F6196900F3CCF0 /* ListTableViewCell.xib */,
			);
			path = cell;
			sourceTree = "<group>";
		};
/* End PBXGroup section */

/* Begin PBXNativeTarget section */
		B18897D426F6137400F3CCF0 /* ToDoList */ = {
			isa = PBXNativeTarget;
			buildConfigurationList = B18897E926F6137C00F3CCF0 /* Build configuration list for PBXNativeTarget "ToDoList" */;
			buildPhases = (
				B18897D126F6137400F3CCF0 /* Sources */,
				B18897D226F6137400F3CCF0 /* Frameworks */,
				B18897D326F6137400F3CCF0 /* Resources */,
			);
			buildRules = (
			);
			dependencies = (
			);
			name = ToDoList;
			productName = ToDoList;
			productReference = B18897D526F6137400F3CCF0 /* ToDoList.app */;
			productType = "com.apple.product-type.application";
		};
/* End PBXNativeTarget section */

/* Begin PBXProject section */
		B18897CD26F6137400F3CCF0 /* Project object */ = {
			isa = PBXProject;
			attributes = {
				LastSwiftUpdateCheck = 1250;
				LastUpgradeCheck = 1250;
				TargetAttributes = {
					B18897D426F6137400F3CCF0 = {
						CreatedOnToolsVersion = 12.5.1;
					};
				};
			};
			buildConfigurationList = B18897D026F6137400F3CCF0 /* Build configuration list for PBXProject "ToDoList" */;
			compatibilityVersion = "Xcode 9.3";
			developmentRegion = en;
			hasScannedForEncodings = 0;
			knownRegions = (
				en,
				Base,
			);
			mainGroup = B18897CC26F6137400F3CCF0;
			productRefGroup = B18897D626F6137400F3CCF0 /* Products */;
			projectDirPath = "";
			projectRoot = "";
			targets = (
				B18897D426F6137400F3CCF0 /* ToDoList */,
			);
		};
/* End PBXProject section */

/* Begin PBXResourcesBuildPhase section */
		B18897D326F6137400F3CCF0 /* Resources */ = {
			isa = PBXResourcesBuildPhase;
			buildActionMask = 2147483647;
			files = (
				B18897E526F6137C00F3CCF0 /* LaunchScreen.storyboard in Resources */,
				B18897F226F6196A00F3CCF0 /* ListTableViewCell.xib in Resources */,
				B18897E226F6137C00F3CCF0 /* Assets.xcassets in Resources */,
				B18897E026F6137400F3CCF0 /* Main.storyboard in Resources */,
			);
			runOnlyForDeploymentPostprocessing = 0;
		};
/* End PBXResourcesBuildPhase section */

/* Begin PBXSourcesBuildPhase section */
		B18897D126F6137400F3CCF0 /* Sources */ = {
			isa = PBXSourcesBuildPhase;
			buildActionMask = 2147483647;
			files = (
				B18897DD26F6137400F3CCF0 /* ViewController.swift in Sources */,
				B18897F126F6196A00F3CCF0 /* ListTableViewCell.swift in Sources */,
				B18897D926F6137400F3CCF0 /* AppDelegate.swift in Sources */,
				B18897DB26F6137400F3CCF0 /* SceneDelegate.swift in Sources */,
			);
			runOnlyForDeploymentPostprocessing = 0;
		};
/* End PBXSourcesBuildPhase section */

/* Begin PBXVariantGroup section */
		B18897DE26F6137400F3CCF0 /* Main.storyboard */ = {
			isa = PBXVariantGroup;
			children = (
				B18897DF26F6137400F3CCF0 /* Base */,
			);
			name = Main.storyboard;
			sourceTree = "<group>";
		};
		B18897E326F6137C00F3CCF0 /* LaunchScreen.storyboard */ = {
			isa = PBXVariantGroup;
			children = (
				B18897E426F6137C00F3CCF0 /* Base */,
			);
			name = LaunchScreen.storyboard;
			sourceTree = "<group>";
		};
/* End PBXVariantGroup section */

/* Begin XCBuildConfiguration section */
		B18897E726F6137C00F3CCF0 /* Debug */ = {
			isa = XCBuildConfiguration;
			buildSettings = {
				ALWAYS_SEARCH_USER_PATHS = NO;
				CLANG_ANALYZER_NONNULL = YES;
				CLANG_ANALYZER_NUMBER_OBJECT_CONVERSION = YES_AGGRESSIVE;
				CLANG_CXX_LANGUAGE_STANDARD = "gnu++14";
				CLANG_CXX_LIBRARY = "libc++";
				CLANG_ENABLE_MODULES = YES;
				CLANG_ENABLE_OBJC_ARC = YES;
				CLANG_ENABLE_OBJC_WEAK = YES;
				CLANG_WARN_BLOCK_CAPTURE_AUTORELEASING = YES;
				CLANG_WARN_BOOL_CONVERSION = YES;
				CLANG_WARN_COMMA = YES;
				CLANG_WARN_CONSTANT_CONVERSION = YES;
				CLANG_WARN_DEPRECATED_OBJC_IMPLEMENTATIONS = YES;
				CLANG_WARN_DIRECT_OBJC_ISA_USAGE = YES_ERROR;
				CLANG_WARN_DOCUMENTATION_COMMENTS = YES;
				CLANG_WARN_EMPTY_BODY = YES;
				CLANG_WARN_ENUM_CONVERSION = YES;
				CLANG_WARN_INFINITE_RECURSION = YES;
				CLANG_WARN_INT_CONVERSION = YES;
				CLANG_WARN_NON_LITERAL_NULL_CONVERSION = YES;
				CLANG_WARN_OBJC_IMPLICIT_RETAIN_SELF = YES;
				CLANG_WARN_OBJC_LITERAL_CONVERSION = YES;
				CLANG_WARN_OBJC_ROOT_CLASS = YES_ERROR;
				CLANG_WARN_QUOTED_INCLUDE_IN_FRAMEWORK_HEADER = YES;
				CLANG_WARN_RANGE_LOOP_ANALYSIS = YES;
				CLANG_WARN_STRICT_PROTOTYPES = YES;
				CLANG_WARN_SUSPICIOUS_MOVE = YES;
				CLANG_WARN_UNGUARDED_AVAILABILITY = YES_AGGRESSIVE;
				CLANG_WARN_UNREACHABLE_CODE = YES;
				CLANG_WARN__DUPLICATE_METHOD_MATCH = YES;
				COPY_PHASE_STRIP = NO;
				DEBUG_INFORMATION_FORMAT = dwarf;
				ENABLE_STRICT_OBJC_MSGSEND = YES;
				ENABLE_TESTABILITY = YES;
				GCC_C_LANGUAGE_STANDARD = gnu11;
				GCC_DYNAMIC_NO_PIC = NO;
				GCC_NO_COMMON_BLOCKS = YES;
				GCC_OPTIMIZATION_LEVEL = 0;
				GCC_PREPROCESSOR_DEFINITIONS = (
					"DEBUG=1",
					"$(inherited)",
				);
				GCC_WARN_64_TO_32_BIT_CONVERSION = YES;
				GCC_WARN_ABOUT_RETURN_TYPE = YES_ERROR;
				GCC_WARN_UNDECLARED_SELECTOR = YES;
				GCC_WARN_UNINITIALIZED_AUTOS = YES_AGGRESSIVE;
				GCC_WARN_UNUSED_FUNCTION = YES;
				GCC_WARN_UNUSED_VARIABLE = YES;
				IPHONEOS_DEPLOYMENT_TARGET = 14.5;
				MTL_ENABLE_DEBUG_INFO = INCLUDE_SOURCE;
				MTL_FAST_MATH = YES;
				ONLY_ACTIVE_ARCH = YES;
				SDKROOT = iphoneos;
				SWIFT_ACTIVE_COMPILATION_CONDITIONS = DEBUG;
				SWIFT_OPTIMIZATION_LEVEL = "-Onone";
			};
			name = Debug;
		};
		B18897E826F6137C00F3CCF0 /* Release */ = {
			isa = XCBuildConfiguration;
			buildSettings = {
				ALWAYS_SEARCH_USER_PATHS = NO;
				CLANG_ANALYZER_NONNULL = YES;
				CLANG_ANALYZER_NUMBER_OBJECT_CONVERSION = YES_AGGRESSIVE;
				CLANG_CXX_LANGUAGE_STANDARD = "gnu++14";
				CLANG_CXX_LIBRARY = "libc++";
				CLANG_ENABLE_MODULES = YES;
				CLANG_ENABLE_OBJC_ARC = YES;
				CLANG_ENABLE_OBJC_WEAK = YES;
				CLANG_WARN_BLOCK_CAPTURE_AUTORELEASING = YES;
				CLANG_WARN_BOOL_CONVERSION = YES;
				CLANG_WARN_COMMA = YES;
				CLANG_WARN_CONSTANT_CONVERSION = YES;
				CLANG_WARN_DEPRECATED_OBJC_IMPLEMENTATIONS = YES;
				CLANG_WARN_DIRECT_OBJC_ISA_USAGE = YES_ERROR;
				CLANG_WARN_DOCUMENTATION_COMMENTS = YES;
				CLANG_WARN_EMPTY_BODY = YES;
				CLANG_WARN_ENUM_CONVERSION = YES;
				CLANG_WARN_INFINITE_RECURSION = YES;
				CLANG_WARN_INT_CONVERSION = YES;
				CLANG_WARN_NON_LITERAL_NULL_CONVERSION = YES;
				CLANG_WARN_OBJC_IMPLICIT_RETAIN_SELF = YES;
				CLANG_WARN_OBJC_LITERAL_CONVERSION = YES;
				CLANG_WARN_OBJC_ROOT_CLASS = YES_ERROR;
				CLANG_WARN_QUOTED_INCLUDE_IN_FRAMEWORK_HEADER = YES;
				CLANG_WARN_RANGE_LOOP_ANALYSIS = YES;
				CLANG_WARN_STRICT_PROTOTYPES = YES;
				CLANG_WARN_SUSPICIOUS_MOVE = YES;
				CLANG_WARN_UNGUARDED_AVAILABILITY = YES_AGGRESSIVE;
				CLANG_WARN_UNREACHABLE_CODE = YES;
				CLANG_WARN__DUPLICATE_METHOD_MATCH = YES;
				COPY_PHASE_STRIP = NO;
				DEBUG_INFORMATION_FORMAT = "dwarf-with-dsym";
				ENABLE_NS_ASSERTIONS = NO;
				ENABLE_STRICT_OBJC_MSGSEND = YES;
				GCC_C_LANGUAGE_STANDARD = gnu11;
				GCC_NO_COMMON_BLOCKS = YES;
				GCC_WARN_64_TO_32_BIT_CONVERSION = YES;
				GCC_WARN_ABOUT_RETURN_TYPE = YES_ERROR;
				GCC_WARN_UNDECLARED_SELECTOR = YES;
				GCC_WARN_UNINITIALIZED_AUTOS = YES_AGGRESSIVE;
				GCC_WARN_UNUSED_FUNCTION = YES;
				GCC_WARN_UNUSED_VARIABLE = YES;
				IPHONEOS_DEPLOYMENT_TARGET = 14.5;
				MTL_ENABLE_DEBUG_INFO = NO;
				MTL_FAST_MATH = YES;
				SDKROOT = iphoneos;
				SWIFT_COMPILATION_MODE = wholemodule;
				SWIFT_OPTIMIZATION_LEVEL = "-O";
				VALIDATE_PRODUCT = YES;
			};
			name = Release;
		};
		B18897EA26F6137C00F3CCF0 /* Debug */ = {
			isa = XCBuildConfiguration;
			buildSettings = {
				ASSETCATALOG_COMPILER_APPICON_NAME = AppIcon;
				ASSETCATALOG_COMPILER_GLOBAL_ACCENT_COLOR_NAME = AccentColor;
				CODE_SIGN_STYLE = Automatic;
				DEVELOPMENT_TEAM = SU8T54KMJ6;
				INFOPLIST_FILE = ToDoList/Info.plist;
				LD_RUNPATH_SEARCH_PATHS = (
					"$(inherited)",
					"@executable_path/Frameworks",
				);
				PRODUCT_BUNDLE_IDENTIFIER = com.teruaki.ToDoList;
				PRODUCT_NAME = "$(TARGET_NAME)";
				SWIFT_VERSION = 5.0;
				TARGETED_DEVICE_FAMILY = "1,2";
			};
			name = Debug;
		};
		B18897EB26F6137C00F3CCF0 /* Release */ = {
			isa = XCBuildConfiguration;
			buildSettings = {
				ASSETCATALOG_COMPILER_APPICON_NAME = AppIcon;
				ASSETCATALOG_COMPILER_GLOBAL_ACCENT_COLOR_NAME = AccentColor;
				CODE_SIGN_STYLE = Automatic;
				DEVELOPMENT_TEAM = SU8T54KMJ6;
				INFOPLIST_FILE = ToDoList/Info.plist;
				LD_RUNPATH_SEARCH_PATHS = (
					"$(inherited)",
					"@executable_path/Frameworks",
				);
				PRODUCT_BUNDLE_IDENTIFIER = com.teruaki.ToDoList;
				PRODUCT_NAME = "$(TARGET_NAME)";
				SWIFT_VERSION = 5.0;
				TARGETED_DEVICE_FAMILY = "1,2";
			};
			name = Release;
		};
/* End XCBuildConfiguration section */

/* Begin XCConfigurationList section */
		B18897D026F6137400F3CCF0 /* Build configuration list for PBXProject "ToDoList" */ = {
			isa = XCConfigurationList;
			buildConfigurations = (
				B18897E726F6137C00F3CCF0 /* Debug */,
				B18897E826F6137C00F3CCF0 /* Release */,
			);
			defaultConfigurationIsVisible = 0;
			defaultConfigurationName = Release;
		};
		B18897E926F6137C00F3CCF0 /* Build configuration list for PBXNativeTarget "ToDoList" */ = {
			isa = XCConfigurationList;
			buildConfigurations = (
				B18897EA26F6137C00F3CCF0 /* Debug */,
				B18897EB26F6137C00F3CCF0 /* Release */,
			);
			defaultConfigurationIsVisible = 0;
			defaultConfigurationName = Release;
		};
/* End XCConfigurationList section */
	};
	rootObject = B18897CD26F6137400F3CCF0 /* Project object */;
}
